
Microsoft Visual Studio Solution File, Format Version 12.00
# Visual Studio 15
VisualStudioVersion = 15.0.26730.3
MinimumVisualStudioVersion = 10.0.40219.1
Project("{FAE04EC0-301F-11D3-BF4B-00C04F79EFBC}") = "FirstAndroidSingleView", "FirstAndroidSingleView\FirstAndroidSingleView.csproj", "{0CCC9C7F-71ED-4115-886D-A05B3A258C33}"
EndProject
Project("{9A19103F-16F7-4668-BE54-9A1E7A4F7556}") = "CrossLibrary", "CrossLibrary\CrossLibrary.csproj", "{6E1B53DB-95F2-48E1-939C-85DF1658A7D8}"
EndProject
Project("{FAE04EC0-301F-11D3-BF4B-00C04F79EFBC}") = "Tasky.Droid", "Tasky.Droid\Tasky.Droid.csproj", "{331BE688-26B7-463C-B0C3-9D3EC8C37932}"
EndProject
Project("{9A19103F-16F7-4668-BE54-9A1E7A4F7556}") = "Tasky.Shared", "Tasky.Shared\Tasky.Shared.csproj", "{257CDBFD-AC74-476A-9706-44CA856A8917}"
EndProject
Project("{D954291E-2A0B-460D-934E-DC6B0785DB48}") = "XPlatSample", "XPlatSample\XPlatSample\XPlatSample.shproj", "{981DF802-5781-40F3-A936-D8EDE5DD2463}"
EndProject
Project("{FAE04EC0-301F-11D3-BF4B-00C04F79EFBC}") = "XPlatSample.Android", "XPlatSample\XPlatSample.Android\XPlatSample.Android.csproj", "{CE7E6826-1C02-4033-A36A-59AF6CEB0FC6}"
EndProject
Project("{FAE04EC0-301F-11D3-BF4B-00C04F79EFBC}") = "XPlatSample.iOS", "XPlatSample\XPlatSample.iOS\XPlatSample.iOS.csproj", "{BE950412-91E2-4DDC-853D-22F8E830BFC8}"
EndProject
Project("{9A19103F-16F7-4668-BE54-9A1E7A4F7556}") = "TestStandardLib", "TestStandardLib\TestStandardLib.csproj", "{D82AF8AE-4977-44D3-8E6F-56A57ECBF92A}"
EndProject
Project("{FAE04EC0-301F-11D3-BF4B-00C04F79EFBC}") = "NationalPark.Droid", "NationalPark.Droid\NationalPark.Droid.csproj", "{EE091A03-7287-40B5-BF1E-EAAB4EBDD66A}"
EndProject
Project("{9A19103F-16F7-4668-BE54-9A1E7A4F7556}") = "NationalPark.Standard", "NationalPark.Standard\NationalPark.Standard.csproj", "{35545664-08A6-4999-A9D3-A12AF6E2B5E7}"
EndProject
Project("{FAE04EC0-301F-11D3-BF4B-00C04F79EFBC}") = "NationalParkPortable", "NationalParkPortable\NationalParkPortable.csproj", "{DEF81661-DE51-4C60-B721-049955099CB2}"
EndProject
Project("{FAE04EC0-301F-11D3-BF4B-00C04F79EFBC}") = "NationalParks.IO", "NationalParks.IO\NationalParks.IO.csproj", "{26AAD127-885F-4AC8-B448-AFB8E19279E2}"
EndProject
Project("{FAE04EC0-301F-11D3-BF4B-00C04F79EFBC}") = "HelloXPlatform.Android", "HelloXPlatform\HelloXPlatform.Android\HelloXPlatform.Android.csproj", "{13D97262-571A-4176-B30B-107E20C84112}"
EndProject
Project("{FAE04EC0-301F-11D3-BF4B-00C04F79EFBC}") = "HelloXPlatform", "HelloXPlatform\HelloXPlatform\HelloXPlatform.csproj", "{EA897E91-3BAD-4067-890F-27DF1CC27697}"
EndProject
Project("{FAE04EC0-301F-11D3-BF4B-00C04F79EFBC}") = "HelloXPlatform.iOS", "HelloXPlatform\HelloXPlatform.iOS\HelloXPlatform.iOS.csproj", "{BCE721D5-6EF5-45AA-999B-88623A969908}"
EndProject
Project("{FAE04EC0-301F-11D3-BF4B-00C04F79EFBC}") = "HelloiOS", "HelloiOS\HelloiOS.csproj", "{00207DFB-0378-41B0-BCB8-6F16D8771C37}"
EndProject
Project("{FAE04EC0-301F-11D3-BF4B-00C04F79EFBC}") = "XMDiPhone", "XMDiPhone\XMDiPhone.csproj", "{A305DE7B-6101-478E-904C-B198D19F5A4C}"
EndProject
Project("{FAE04EC0-301F-11D3-BF4B-00C04F79EFBC}") = "NationalPark.iOS", "NationalPark.iOS\NationalPark.iOS.csproj", "{987333CC-7E42-411A-98E7-AF34D5E877DB}"
EndProject
Project("{FAE04EC0-301F-11D3-BF4B-00C04F79EFBC}") = "XamOIDCClient.Android", "XamOIDCClient\XamOIDCClient.Android\XamOIDCClient.Android.csproj", "{70314D99-1422-4D34-ACEA-A1BC79D82D0C}"
EndProject
Project("{FAE04EC0-301F-11D3-BF4B-00C04F79EFBC}") = "XamOIDCClient", "XamOIDCClient\XamOIDCClient\XamOIDCClient.csproj", "{D983AB06-08BC-452C-BA71-788FEFC95771}"
EndProject
Project("{FAE04EC0-301F-11D3-BF4B-00C04F79EFBC}") = "XamOIDCClient.iOS", "XamOIDCClient\XamOIDCClient.iOS\XamOIDCClient.iOS.csproj", "{91D0069B-6D27-485A-89DD-086E36977F69}"
EndProject
Global
	GlobalSection(SharedMSBuildProjectFiles) = preSolution
		XPlatSample\XPlatSample\XPlatSample.projitems*{981df802-5781-40f3-a936-d8ede5dd2463}*SharedItemsImports = 13
		XPlatSample\XPlatSample\XPlatSample.projitems*{be950412-91e2-4ddc-853d-22f8e830bfc8}*SharedItemsImports = 4
		XPlatSample\XPlatSample\XPlatSample.projitems*{ce7e6826-1c02-4033-a36a-59af6ceb0fc6}*SharedItemsImports = 4
	EndGlobalSection
	GlobalSection(SolutionConfigurationPlatforms) = preSolution
		Ad-Hoc|Any CPU = Ad-Hoc|Any CPU
		Ad-Hoc|iPhone = Ad-Hoc|iPhone
		Ad-Hoc|iPhoneSimulator = Ad-Hoc|iPhoneSimulator
		AppStore|Any CPU = AppStore|Any CPU
		AppStore|iPhone = AppStore|iPhone
		AppStore|iPhoneSimulator = AppStore|iPhoneSimulator
		Debug|Any CPU = Debug|Any CPU
		Debug|iPhone = Debug|iPhone
		Debug|iPhoneSimulator = Debug|iPhoneSimulator
		Release|Any CPU = Release|Any CPU
		Release|iPhone = Release|iPhone
		Release|iPhoneSimulator = Release|iPhoneSimulator
	EndGlobalSection
	GlobalSection(ProjectConfigurationPlatforms) = postSolution
		{0CCC9C7F-71ED-4115-886D-A05B3A258C33}.Ad-Hoc|Any CPU.ActiveCfg = Release|Any CPU
		{0CCC9C7F-71ED-4115-886D-A05B3A258C33}.Ad-Hoc|Any CPU.Build.0 = Release|Any CPU
		{0CCC9C7F-71ED-4115-886D-A05B3A258C33}.Ad-Hoc|Any CPU.Deploy.0 = Release|Any CPU
		{0CCC9C7F-71ED-4115-886D-A05B3A258C33}.Ad-Hoc|iPhone.ActiveCfg = Release|Any CPU
		{0CCC9C7F-71ED-4115-886D-A05B3A258C33}.Ad-Hoc|iPhone.Build.0 = Release|Any CPU
		{0CCC9C7F-71ED-4115-886D-A05B3A258C33}.Ad-Hoc|iPhone.Deploy.0 = Release|Any CPU
		{0CCC9C7F-71ED-4115-886D-A05B3A258C33}.Ad-Hoc|iPhoneSimulator.ActiveCfg = Release|Any CPU
		{0CCC9C7F-71ED-4115-886D-A05B3A258C33}.Ad-Hoc|iPhoneSimulator.Build.0 = Release|Any CPU
		{0CCC9C7F-71ED-4115-886D-A05B3A258C33}.Ad-Hoc|iPhoneSimulator.Deploy.0 = Release|Any CPU
		{0CCC9C7F-71ED-4115-886D-A05B3A258C33}.AppStore|Any CPU.ActiveCfg = Release|Any CPU
		{0CCC9C7F-71ED-4115-886D-A05B3A258C33}.AppStore|Any CPU.Build.0 = Release|Any CPU
		{0CCC9C7F-71ED-4115-886D-A05B3A258C33}.AppStore|Any CPU.Deploy.0 = Release|Any CPU
		{0CCC9C7F-71ED-4115-886D-A05B3A258C33}.AppStore|iPhone.ActiveCfg = Release|Any CPU
		{0CCC9C7F-71ED-4115-886D-A05B3A258C33}.AppStore|iPhone.Build.0 = Release|Any CPU
		{0CCC9C7F-71ED-4115-886D-A05B3A258C33}.AppStore|iPhone.Deploy.0 = Release|Any CPU
		{0CCC9C7F-71ED-4115-886D-A05B3A258C33}.AppStore|iPhoneSimulator.ActiveCfg = Release|Any CPU
		{0CCC9C7F-71ED-4115-886D-A05B3A258C33}.AppStore|iPhoneSimulator.Build.0 = Release|Any CPU
		{0CCC9C7F-71ED-4115-886D-A05B3A258C33}.AppStore|iPhoneSimulator.Deploy.0 = Release|Any CPU
		{0CCC9C7F-71ED-4115-886D-A05B3A258C33}.Debug|Any CPU.ActiveCfg = Debug|Any CPU
		{0CCC9C7F-71ED-4115-886D-A05B3A258C33}.Debug|Any CPU.Build.0 = Debug|Any CPU
		{0CCC9C7F-71ED-4115-886D-A05B3A258C33}.Debug|Any CPU.Deploy.0 = Debug|Any CPU
		{0CCC9C7F-71ED-4115-886D-A05B3A258C33}.Debug|iPhone.ActiveCfg = Debug|Any CPU
		{0CCC9C7F-71ED-4115-886D-A05B3A258C33}.Debug|iPhone.Build.0 = Debug|Any CPU
		{0CCC9C7F-71ED-4115-886D-A05B3A258C33}.Debug|iPhone.Deploy.0 = Debug|Any CPU
		{0CCC9C7F-71ED-4115-886D-A05B3A258C33}.Debug|iPhoneSimulator.ActiveCfg = Debug|Any CPU
		{0CCC9C7F-71ED-4115-886D-A05B3A258C33}.Debug|iPhoneSimulator.Build.0 = Debug|Any CPU
		{0CCC9C7F-71ED-4115-886D-A05B3A258C33}.Debug|iPhoneSimulator.Deploy.0 = Debug|Any CPU
		{0CCC9C7F-71ED-4115-886D-A05B3A258C33}.Release|Any CPU.ActiveCfg = Release|Any CPU
		{0CCC9C7F-71ED-4115-886D-A05B3A258C33}.Release|Any CPU.Build.0 = Release|Any CPU
		{0CCC9C7F-71ED-4115-886D-A05B3A258C33}.Release|Any CPU.Deploy.0 = Release|Any CPU
		{0CCC9C7F-71ED-4115-886D-A05B3A258C33}.Release|iPhone.ActiveCfg = Release|Any CPU
		{0CCC9C7F-71ED-4115-886D-A05B3A258C33}.Release|iPhone.Build.0 = Release|Any CPU
		{0CCC9C7F-71ED-4115-886D-A05B3A258C33}.Release|iPhone.Deploy.0 = Release|Any CPU
		{0CCC9C7F-71ED-4115-886D-A05B3A258C33}.Release|iPhoneSimulator.ActiveCfg = Release|Any CPU
		{0CCC9C7F-71ED-4115-886D-A05B3A258C33}.Release|iPhoneSimulator.Build.0 = Release|Any CPU
		{0CCC9C7F-71ED-4115-886D-A05B3A258C33}.Release|iPhoneSimulator.Deploy.0 = Release|Any CPU
		{6E1B53DB-95F2-48E1-939C-85DF1658A7D8}.Ad-Hoc|Any CPU.ActiveCfg = Release|Any CPU
		{6E1B53DB-95F2-48E1-939C-85DF1658A7D8}.Ad-Hoc|Any CPU.Build.0 = Release|Any CPU
		{6E1B53DB-95F2-48E1-939C-85DF1658A7D8}.Ad-Hoc|iPhone.ActiveCfg = Release|Any CPU
		{6E1B53DB-95F2-48E1-939C-85DF1658A7D8}.Ad-Hoc|iPhone.Build.0 = Release|Any CPU
		{6E1B53DB-95F2-48E1-939C-85DF1658A7D8}.Ad-Hoc|iPhoneSimulator.ActiveCfg = Release|Any CPU
		{6E1B53DB-95F2-48E1-939C-85DF1658A7D8}.Ad-Hoc|iPhoneSimulator.Build.0 = Release|Any CPU
		{6E1B53DB-95F2-48E1-939C-85DF1658A7D8}.AppStore|Any CPU.ActiveCfg = Release|Any CPU
		{6E1B53DB-95F2-48E1-939C-85DF1658A7D8}.AppStore|Any CPU.Build.0 = Release|Any CPU
		{6E1B53DB-95F2-48E1-939C-85DF1658A7D8}.AppStore|iPhone.ActiveCfg = Release|Any CPU
		{6E1B53DB-95F2-48E1-939C-85DF1658A7D8}.AppStore|iPhone.Build.0 = Release|Any CPU
		{6E1B53DB-95F2-48E1-939C-85DF1658A7D8}.AppStore|iPhoneSimulator.ActiveCfg = Release|Any CPU
		{6E1B53DB-95F2-48E1-939C-85DF1658A7D8}.AppStore|iPhoneSimulator.Build.0 = Release|Any CPU
		{6E1B53DB-95F2-48E1-939C-85DF1658A7D8}.Debug|Any CPU.ActiveCfg = Debug|Any CPU
		{6E1B53DB-95F2-48E1-939C-85DF1658A7D8}.Debug|Any CPU.Build.0 = Debug|Any CPU
		{6E1B53DB-95F2-48E1-939C-85DF1658A7D8}.Debug|iPhone.ActiveCfg = Debug|Any CPU
		{6E1B53DB-95F2-48E1-939C-85DF1658A7D8}.Debug|iPhone.Build.0 = Debug|Any CPU
		{6E1B53DB-95F2-48E1-939C-85DF1658A7D8}.Debug|iPhoneSimulator.ActiveCfg = Debug|Any CPU
		{6E1B53DB-95F2-48E1-939C-85DF1658A7D8}.Debug|iPhoneSimulator.Build.0 = Debug|Any CPU
		{6E1B53DB-95F2-48E1-939C-85DF1658A7D8}.Release|Any CPU.ActiveCfg = Release|Any CPU
		{6E1B53DB-95F2-48E1-939C-85DF1658A7D8}.Release|Any CPU.Build.0 = Release|Any CPU
		{6E1B53DB-95F2-48E1-939C-85DF1658A7D8}.Release|iPhone.ActiveCfg = Release|Any CPU
		{6E1B53DB-95F2-48E1-939C-85DF1658A7D8}.Release|iPhone.Build.0 = Release|Any CPU
		{6E1B53DB-95F2-48E1-939C-85DF1658A7D8}.Release|iPhoneSimulator.ActiveCfg = Release|Any CPU
		{6E1B53DB-95F2-48E1-939C-85DF1658A7D8}.Release|iPhoneSimulator.Build.0 = Release|Any CPU
		{331BE688-26B7-463C-B0C3-9D3EC8C37932}.Ad-Hoc|Any CPU.ActiveCfg = Release|Any CPU
		{331BE688-26B7-463C-B0C3-9D3EC8C37932}.Ad-Hoc|Any CPU.Build.0 = Release|Any CPU
		{331BE688-26B7-463C-B0C3-9D3EC8C37932}.Ad-Hoc|Any CPU.Deploy.0 = Release|Any CPU
		{331BE688-26B7-463C-B0C3-9D3EC8C37932}.Ad-Hoc|iPhone.ActiveCfg = Release|Any CPU
		{331BE688-26B7-463C-B0C3-9D3EC8C37932}.Ad-Hoc|iPhone.Build.0 = Release|Any CPU
		{331BE688-26B7-463C-B0C3-9D3EC8C37932}.Ad-Hoc|iPhone.Deploy.0 = Release|Any CPU
		{331BE688-26B7-463C-B0C3-9D3EC8C37932}.Ad-Hoc|iPhoneSimulator.ActiveCfg = Release|Any CPU
		{331BE688-26B7-463C-B0C3-9D3EC8C37932}.Ad-Hoc|iPhoneSimulator.Build.0 = Release|Any CPU
		{331BE688-26B7-463C-B0C3-9D3EC8C37932}.Ad-Hoc|iPhoneSimulator.Deploy.0 = Release|Any CPU
		{331BE688-26B7-463C-B0C3-9D3EC8C37932}.AppStore|Any CPU.ActiveCfg = Release|Any CPU
		{331BE688-26B7-463C-B0C3-9D3EC8C37932}.AppStore|Any CPU.Build.0 = Release|Any CPU
		{331BE688-26B7-463C-B0C3-9D3EC8C37932}.AppStore|Any CPU.Deploy.0 = Release|Any CPU
		{331BE688-26B7-463C-B0C3-9D3EC8C37932}.AppStore|iPhone.ActiveCfg = Release|Any CPU
		{331BE688-26B7-463C-B0C3-9D3EC8C37932}.AppStore|iPhone.Build.0 = Release|Any CPU
		{331BE688-26B7-463C-B0C3-9D3EC8C37932}.AppStore|iPhone.Deploy.0 = Release|Any CPU
		{331BE688-26B7-463C-B0C3-9D3EC8C37932}.AppStore|iPhoneSimulator.ActiveCfg = Release|Any CPU
		{331BE688-26B7-463C-B0C3-9D3EC8C37932}.AppStore|iPhoneSimulator.Build.0 = Release|Any CPU
		{331BE688-26B7-463C-B0C3-9D3EC8C37932}.AppStore|iPhoneSimulator.Deploy.0 = Release|Any CPU
		{331BE688-26B7-463C-B0C3-9D3EC8C37932}.Debug|Any CPU.ActiveCfg = Debug|Any CPU
		{331BE688-26B7-463C-B0C3-9D3EC8C37932}.Debug|Any CPU.Build.0 = Debug|Any CPU
		{331BE688-26B7-463C-B0C3-9D3EC8C37932}.Debug|Any CPU.Deploy.0 = Debug|Any CPU
		{331BE688-26B7-463C-B0C3-9D3EC8C37932}.Debug|iPhone.ActiveCfg = Debug|Any CPU
		{331BE688-26B7-463C-B0C3-9D3EC8C37932}.Debug|iPhone.Build.0 = Debug|Any CPU
		{331BE688-26B7-463C-B0C3-9D3EC8C37932}.Debug|iPhone.Deploy.0 = Debug|Any CPU
		{331BE688-26B7-463C-B0C3-9D3EC8C37932}.Debug|iPhoneSimulator.ActiveCfg = Debug|Any CPU
		{331BE688-26B7-463C-B0C3-9D3EC8C37932}.Debug|iPhoneSimulator.Build.0 = Debug|Any CPU
		{331BE688-26B7-463C-B0C3-9D3EC8C37932}.Debug|iPhoneSimulator.Deploy.0 = Debug|Any CPU
		{331BE688-26B7-463C-B0C3-9D3EC8C37932}.Release|Any CPU.ActiveCfg = Release|Any CPU
		{331BE688-26B7-463C-B0C3-9D3EC8C37932}.Release|Any CPU.Build.0 = Release|Any CPU
		{331BE688-26B7-463C-B0C3-9D3EC8C37932}.Release|Any CPU.Deploy.0 = Release|Any CPU
		{331BE688-26B7-463C-B0C3-9D3EC8C37932}.Release|iPhone.ActiveCfg = Release|Any CPU
		{331BE688-26B7-463C-B0C3-9D3EC8C37932}.Release|iPhone.Build.0 = Release|Any CPU
		{331BE688-26B7-463C-B0C3-9D3EC8C37932}.Release|iPhone.Deploy.0 = Release|Any CPU
		{331BE688-26B7-463C-B0C3-9D3EC8C37932}.Release|iPhoneSimulator.ActiveCfg = Release|Any CPU
		{331BE688-26B7-463C-B0C3-9D3EC8C37932}.Release|iPhoneSimulator.Build.0 = Release|Any CPU
		{331BE688-26B7-463C-B0C3-9D3EC8C37932}.Release|iPhoneSimulator.Deploy.0 = Release|Any CPU
		{257CDBFD-AC74-476A-9706-44CA856A8917}.Ad-Hoc|Any CPU.ActiveCfg = Release|Any CPU
		{257CDBFD-AC74-476A-9706-44CA856A8917}.Ad-Hoc|Any CPU.Build.0 = Release|Any CPU
		{257CDBFD-AC74-476A-9706-44CA856A8917}.Ad-Hoc|iPhone.ActiveCfg = Release|Any CPU
		{257CDBFD-AC74-476A-9706-44CA856A8917}.Ad-Hoc|iPhone.Build.0 = Release|Any CPU
		{257CDBFD-AC74-476A-9706-44CA856A8917}.Ad-Hoc|iPhoneSimulator.ActiveCfg = Release|Any CPU
		{257CDBFD-AC74-476A-9706-44CA856A8917}.Ad-Hoc|iPhoneSimulator.Build.0 = Release|Any CPU
		{257CDBFD-AC74-476A-9706-44CA856A8917}.AppStore|Any CPU.ActiveCfg = Release|Any CPU
		{257CDBFD-AC74-476A-9706-44CA856A8917}.AppStore|Any CPU.Build.0 = Release|Any CPU
		{257CDBFD-AC74-476A-9706-44CA856A8917}.AppStore|iPhone.ActiveCfg = Release|Any CPU
		{257CDBFD-AC74-476A-9706-44CA856A8917}.AppStore|iPhone.Build.0 = Release|Any CPU
		{257CDBFD-AC74-476A-9706-44CA856A8917}.AppStore|iPhoneSimulator.ActiveCfg = Release|Any CPU
		{257CDBFD-AC74-476A-9706-44CA856A8917}.AppStore|iPhoneSimulator.Build.0 = Release|Any CPU
		{257CDBFD-AC74-476A-9706-44CA856A8917}.Debug|Any CPU.ActiveCfg = Debug|Any CPU
		{257CDBFD-AC74-476A-9706-44CA856A8917}.Debug|Any CPU.Build.0 = Debug|Any CPU
		{257CDBFD-AC74-476A-9706-44CA856A8917}.Debug|iPhone.ActiveCfg = Debug|Any CPU
		{257CDBFD-AC74-476A-9706-44CA856A8917}.Debug|iPhone.Build.0 = Debug|Any CPU
		{257CDBFD-AC74-476A-9706-44CA856A8917}.Debug|iPhoneSimulator.ActiveCfg = Debug|Any CPU
		{257CDBFD-AC74-476A-9706-44CA856A8917}.Debug|iPhoneSimulator.Build.0 = Debug|Any CPU
		{257CDBFD-AC74-476A-9706-44CA856A8917}.Release|Any CPU.ActiveCfg = Release|Any CPU
		{257CDBFD-AC74-476A-9706-44CA856A8917}.Release|Any CPU.Build.0 = Release|Any CPU
		{257CDBFD-AC74-476A-9706-44CA856A8917}.Release|iPhone.ActiveCfg = Release|Any CPU
		{257CDBFD-AC74-476A-9706-44CA856A8917}.Release|iPhone.Build.0 = Release|Any CPU
		{257CDBFD-AC74-476A-9706-44CA856A8917}.Release|iPhoneSimulator.ActiveCfg = Release|Any CPU
		{257CDBFD-AC74-476A-9706-44CA856A8917}.Release|iPhoneSimulator.Build.0 = Release|Any CPU
		{CE7E6826-1C02-4033-A36A-59AF6CEB0FC6}.Ad-Hoc|Any CPU.ActiveCfg = Release|Any CPU
		{CE7E6826-1C02-4033-A36A-59AF6CEB0FC6}.Ad-Hoc|Any CPU.Build.0 = Release|Any CPU
		{CE7E6826-1C02-4033-A36A-59AF6CEB0FC6}.Ad-Hoc|Any CPU.Deploy.0 = Release|Any CPU
		{CE7E6826-1C02-4033-A36A-59AF6CEB0FC6}.Ad-Hoc|iPhone.ActiveCfg = Release|Any CPU
		{CE7E6826-1C02-4033-A36A-59AF6CEB0FC6}.Ad-Hoc|iPhone.Build.0 = Release|Any CPU
		{CE7E6826-1C02-4033-A36A-59AF6CEB0FC6}.Ad-Hoc|iPhone.Deploy.0 = Release|Any CPU
		{CE7E6826-1C02-4033-A36A-59AF6CEB0FC6}.Ad-Hoc|iPhoneSimulator.ActiveCfg = Release|Any CPU
		{CE7E6826-1C02-4033-A36A-59AF6CEB0FC6}.Ad-Hoc|iPhoneSimulator.Build.0 = Release|Any CPU
		{CE7E6826-1C02-4033-A36A-59AF6CEB0FC6}.Ad-Hoc|iPhoneSimulator.Deploy.0 = Release|Any CPU
		{CE7E6826-1C02-4033-A36A-59AF6CEB0FC6}.AppStore|Any CPU.ActiveCfg = Release|Any CPU
		{CE7E6826-1C02-4033-A36A-59AF6CEB0FC6}.AppStore|Any CPU.Build.0 = Release|Any CPU
		{CE7E6826-1C02-4033-A36A-59AF6CEB0FC6}.AppStore|Any CPU.Deploy.0 = Release|Any CPU
		{CE7E6826-1C02-4033-A36A-59AF6CEB0FC6}.AppStore|iPhone.ActiveCfg = Release|Any CPU
		{CE7E6826-1C02-4033-A36A-59AF6CEB0FC6}.AppStore|iPhone.Build.0 = Release|Any CPU
		{CE7E6826-1C02-4033-A36A-59AF6CEB0FC6}.AppStore|iPhone.Deploy.0 = Release|Any CPU
		{CE7E6826-1C02-4033-A36A-59AF6CEB0FC6}.AppStore|iPhoneSimulator.ActiveCfg = Release|Any CPU
		{CE7E6826-1C02-4033-A36A-59AF6CEB0FC6}.AppStore|iPhoneSimulator.Build.0 = Release|Any CPU
		{CE7E6826-1C02-4033-A36A-59AF6CEB0FC6}.AppStore|iPhoneSimulator.Deploy.0 = Release|Any CPU
		{CE7E6826-1C02-4033-A36A-59AF6CEB0FC6}.Debug|Any CPU.ActiveCfg = Debug|Any CPU
		{CE7E6826-1C02-4033-A36A-59AF6CEB0FC6}.Debug|Any CPU.Build.0 = Debug|Any CPU
		{CE7E6826-1C02-4033-A36A-59AF6CEB0FC6}.Debug|Any CPU.Deploy.0 = Debug|Any CPU
		{CE7E6826-1C02-4033-A36A-59AF6CEB0FC6}.Debug|iPhone.ActiveCfg = Debug|Any CPU
		{CE7E6826-1C02-4033-A36A-59AF6CEB0FC6}.Debug|iPhone.Build.0 = Debug|Any CPU
		{CE7E6826-1C02-4033-A36A-59AF6CEB0FC6}.Debug|iPhone.Deploy.0 = Debug|Any CPU
		{CE7E6826-1C02-4033-A36A-59AF6CEB0FC6}.Debug|iPhoneSimulator.ActiveCfg = Debug|Any CPU
		{CE7E6826-1C02-4033-A36A-59AF6CEB0FC6}.Debug|iPhoneSimulator.Build.0 = Debug|Any CPU
		{CE7E6826-1C02-4033-A36A-59AF6CEB0FC6}.Debug|iPhoneSimulator.Deploy.0 = Debug|Any CPU
		{CE7E6826-1C02-4033-A36A-59AF6CEB0FC6}.Release|Any CPU.ActiveCfg = Release|Any CPU
		{CE7E6826-1C02-4033-A36A-59AF6CEB0FC6}.Release|Any CPU.Build.0 = Release|Any CPU
		{CE7E6826-1C02-4033-A36A-59AF6CEB0FC6}.Release|Any CPU.Deploy.0 = Release|Any CPU
		{CE7E6826-1C02-4033-A36A-59AF6CEB0FC6}.Release|iPhone.ActiveCfg = Release|Any CPU
		{CE7E6826-1C02-4033-A36A-59AF6CEB0FC6}.Release|iPhone.Build.0 = Release|Any CPU
		{CE7E6826-1C02-4033-A36A-59AF6CEB0FC6}.Release|iPhone.Deploy.0 = Release|Any CPU
		{CE7E6826-1C02-4033-A36A-59AF6CEB0FC6}.Release|iPhoneSimulator.ActiveCfg = Release|Any CPU
		{CE7E6826-1C02-4033-A36A-59AF6CEB0FC6}.Release|iPhoneSimulator.Build.0 = Release|Any CPU
		{CE7E6826-1C02-4033-A36A-59AF6CEB0FC6}.Release|iPhoneSimulator.Deploy.0 = Release|Any CPU
		{BE950412-91E2-4DDC-853D-22F8E830BFC8}.Ad-Hoc|Any CPU.ActiveCfg = Release|Any CPU
		{BE950412-91E2-4DDC-853D-22F8E830BFC8}.Ad-Hoc|Any CPU.Build.0 = Release|Any CPU
		{BE950412-91E2-4DDC-853D-22F8E830BFC8}.Ad-Hoc|iPhone.ActiveCfg = Release|iPhone
		{BE950412-91E2-4DDC-853D-22F8E830BFC8}.Ad-Hoc|iPhone.Build.0 = Release|iPhone
		{BE950412-91E2-4DDC-853D-22F8E830BFC8}.Ad-Hoc|iPhoneSimulator.ActiveCfg = Release|iPhoneSimulator
		{BE950412-91E2-4DDC-853D-22F8E830BFC8}.Ad-Hoc|iPhoneSimulator.Build.0 = Release|iPhoneSimulator
		{BE950412-91E2-4DDC-853D-22F8E830BFC8}.AppStore|Any CPU.ActiveCfg = Release|Any CPU
		{BE950412-91E2-4DDC-853D-22F8E830BFC8}.AppStore|Any CPU.Build.0 = Release|Any CPU
		{BE950412-91E2-4DDC-853D-22F8E830BFC8}.AppStore|iPhone.ActiveCfg = Release|iPhone
		{BE950412-91E2-4DDC-853D-22F8E830BFC8}.AppStore|iPhone.Build.0 = Release|iPhone
		{BE950412-91E2-4DDC-853D-22F8E830BFC8}.AppStore|iPhoneSimulator.ActiveCfg = Release|iPhoneSimulator
		{BE950412-91E2-4DDC-853D-22F8E830BFC8}.AppStore|iPhoneSimulator.Build.0 = Release|iPhoneSimulator
		{BE950412-91E2-4DDC-853D-22F8E830BFC8}.Debug|Any CPU.ActiveCfg = Debug|Any CPU
		{BE950412-91E2-4DDC-853D-22F8E830BFC8}.Debug|Any CPU.Build.0 = Debug|Any CPU
		{BE950412-91E2-4DDC-853D-22F8E830BFC8}.Debug|iPhone.ActiveCfg = Debug|iPhone
		{BE950412-91E2-4DDC-853D-22F8E830BFC8}.Debug|iPhone.Build.0 = Debug|iPhone
		{BE950412-91E2-4DDC-853D-22F8E830BFC8}.Debug|iPhoneSimulator.ActiveCfg = Debug|iPhoneSimulator
		{BE950412-91E2-4DDC-853D-22F8E830BFC8}.Debug|iPhoneSimulator.Build.0 = Debug|iPhoneSimulator
		{BE950412-91E2-4DDC-853D-22F8E830BFC8}.Release|Any CPU.ActiveCfg = Release|Any CPU
		{BE950412-91E2-4DDC-853D-22F8E830BFC8}.Release|Any CPU.Build.0 = Release|Any CPU
		{BE950412-91E2-4DDC-853D-22F8E830BFC8}.Release|iPhone.ActiveCfg = Release|iPhone
		{BE950412-91E2-4DDC-853D-22F8E830BFC8}.Release|iPhone.Build.0 = Release|iPhone
		{BE950412-91E2-4DDC-853D-22F8E830BFC8}.Release|iPhoneSimulator.ActiveCfg = Release|iPhoneSimulator
		{BE950412-91E2-4DDC-853D-22F8E830BFC8}.Release|iPhoneSimulator.Build.0 = Release|iPhoneSimulator
		{D82AF8AE-4977-44D3-8E6F-56A57ECBF92A}.Ad-Hoc|Any CPU.ActiveCfg = Release|Any CPU
		{D82AF8AE-4977-44D3-8E6F-56A57ECBF92A}.Ad-Hoc|Any CPU.Build.0 = Release|Any CPU
		{D82AF8AE-4977-44D3-8E6F-56A57ECBF92A}.Ad-Hoc|iPhone.ActiveCfg = Release|Any CPU
		{D82AF8AE-4977-44D3-8E6F-56A57ECBF92A}.Ad-Hoc|iPhone.Build.0 = Release|Any CPU
		{D82AF8AE-4977-44D3-8E6F-56A57ECBF92A}.Ad-Hoc|iPhoneSimulator.ActiveCfg = Release|Any CPU
		{D82AF8AE-4977-44D3-8E6F-56A57ECBF92A}.Ad-Hoc|iPhoneSimulator.Build.0 = Release|Any CPU
		{D82AF8AE-4977-44D3-8E6F-56A57ECBF92A}.AppStore|Any CPU.ActiveCfg = Release|Any CPU
		{D82AF8AE-4977-44D3-8E6F-56A57ECBF92A}.AppStore|Any CPU.Build.0 = Release|Any CPU
		{D82AF8AE-4977-44D3-8E6F-56A57ECBF92A}.AppStore|iPhone.ActiveCfg = Release|Any CPU
		{D82AF8AE-4977-44D3-8E6F-56A57ECBF92A}.AppStore|iPhone.Build.0 = Release|Any CPU
		{D82AF8AE-4977-44D3-8E6F-56A57ECBF92A}.AppStore|iPhoneSimulator.ActiveCfg = Release|Any CPU
		{D82AF8AE-4977-44D3-8E6F-56A57ECBF92A}.AppStore|iPhoneSimulator.Build.0 = Release|Any CPU
		{D82AF8AE-4977-44D3-8E6F-56A57ECBF92A}.Debug|Any CPU.ActiveCfg = Debug|Any CPU
		{D82AF8AE-4977-44D3-8E6F-56A57ECBF92A}.Debug|Any CPU.Build.0 = Debug|Any CPU
		{D82AF8AE-4977-44D3-8E6F-56A57ECBF92A}.Debug|iPhone.ActiveCfg = Debug|Any CPU
		{D82AF8AE-4977-44D3-8E6F-56A57ECBF92A}.Debug|iPhone.Build.0 = Debug|Any CPU
		{D82AF8AE-4977-44D3-8E6F-56A57ECBF92A}.Debug|iPhoneSimulator.ActiveCfg = Debug|Any CPU
		{D82AF8AE-4977-44D3-8E6F-56A57ECBF92A}.Debug|iPhoneSimulator.Build.0 = Debug|Any CPU
		{D82AF8AE-4977-44D3-8E6F-56A57ECBF92A}.Release|Any CPU.ActiveCfg = Release|Any CPU
		{D82AF8AE-4977-44D3-8E6F-56A57ECBF92A}.Release|Any CPU.Build.0 = Release|Any CPU
		{D82AF8AE-4977-44D3-8E6F-56A57ECBF92A}.Release|iPhone.ActiveCfg = Release|Any CPU
		{D82AF8AE-4977-44D3-8E6F-56A57ECBF92A}.Release|iPhone.Build.0 = Release|Any CPU
		{D82AF8AE-4977-44D3-8E6F-56A57ECBF92A}.Release|iPhoneSimulator.ActiveCfg = Release|Any CPU
		{D82AF8AE-4977-44D3-8E6F-56A57ECBF92A}.Release|iPhoneSimulator.Build.0 = Release|Any CPU
		{EE091A03-7287-40B5-BF1E-EAAB4EBDD66A}.Ad-Hoc|Any CPU.ActiveCfg = Release|Any CPU
		{EE091A03-7287-40B5-BF1E-EAAB4EBDD66A}.Ad-Hoc|Any CPU.Build.0 = Release|Any CPU
		{EE091A03-7287-40B5-BF1E-EAAB4EBDD66A}.Ad-Hoc|Any CPU.Deploy.0 = Release|Any CPU
		{EE091A03-7287-40B5-BF1E-EAAB4EBDD66A}.Ad-Hoc|iPhone.ActiveCfg = Release|Any CPU
		{EE091A03-7287-40B5-BF1E-EAAB4EBDD66A}.Ad-Hoc|iPhone.Build.0 = Release|Any CPU
		{EE091A03-7287-40B5-BF1E-EAAB4EBDD66A}.Ad-Hoc|iPhone.Deploy.0 = Release|Any CPU
		{EE091A03-7287-40B5-BF1E-EAAB4EBDD66A}.Ad-Hoc|iPhoneSimulator.ActiveCfg = Release|Any CPU
		{EE091A03-7287-40B5-BF1E-EAAB4EBDD66A}.Ad-Hoc|iPhoneSimulator.Build.0 = Release|Any CPU
		{EE091A03-7287-40B5-BF1E-EAAB4EBDD66A}.Ad-Hoc|iPhoneSimulator.Deploy.0 = Release|Any CPU
		{EE091A03-7287-40B5-BF1E-EAAB4EBDD66A}.AppStore|Any CPU.ActiveCfg = Release|Any CPU
		{EE091A03-7287-40B5-BF1E-EAAB4EBDD66A}.AppStore|Any CPU.Build.0 = Release|Any CPU
		{EE091A03-7287-40B5-BF1E-EAAB4EBDD66A}.AppStore|Any CPU.Deploy.0 = Release|Any CPU
		{EE091A03-7287-40B5-BF1E-EAAB4EBDD66A}.AppStore|iPhone.ActiveCfg = Release|Any CPU
		{EE091A03-7287-40B5-BF1E-EAAB4EBDD66A}.AppStore|iPhone.Build.0 = Release|Any CPU
		{EE091A03-7287-40B5-BF1E-EAAB4EBDD66A}.AppStore|iPhone.Deploy.0 = Release|Any CPU
		{EE091A03-7287-40B5-BF1E-EAAB4EBDD66A}.AppStore|iPhoneSimulator.ActiveCfg = Release|Any CPU
		{EE091A03-7287-40B5-BF1E-EAAB4EBDD66A}.AppStore|iPhoneSimulator.Build.0 = Release|Any CPU
		{EE091A03-7287-40B5-BF1E-EAAB4EBDD66A}.AppStore|iPhoneSimulator.Deploy.0 = Release|Any CPU
		{EE091A03-7287-40B5-BF1E-EAAB4EBDD66A}.Debug|Any CPU.ActiveCfg = Debug|Any CPU
		{EE091A03-7287-40B5-BF1E-EAAB4EBDD66A}.Debug|Any CPU.Build.0 = Debug|Any CPU
		{EE091A03-7287-40B5-BF1E-EAAB4EBDD66A}.Debug|Any CPU.Deploy.0 = Debug|Any CPU
		{EE091A03-7287-40B5-BF1E-EAAB4EBDD66A}.Debug|iPhone.ActiveCfg = Debug|Any CPU
		{EE091A03-7287-40B5-BF1E-EAAB4EBDD66A}.Debug|iPhone.Build.0 = Debug|Any CPU
		{EE091A03-7287-40B5-BF1E-EAAB4EBDD66A}.Debug|iPhone.Deploy.0 = Debug|Any CPU
		{EE091A03-7287-40B5-BF1E-EAAB4EBDD66A}.Debug|iPhoneSimulator.ActiveCfg = Debug|Any CPU
		{EE091A03-7287-40B5-BF1E-EAAB4EBDD66A}.Debug|iPhoneSimulator.Build.0 = Debug|Any CPU
		{EE091A03-7287-40B5-BF1E-EAAB4EBDD66A}.Debug|iPhoneSimulator.Deploy.0 = Debug|Any CPU
		{EE091A03-7287-40B5-BF1E-EAAB4EBDD66A}.Release|Any CPU.ActiveCfg = Release|Any CPU
		{EE091A03-7287-40B5-BF1E-EAAB4EBDD66A}.Release|Any CPU.Build.0 = Release|Any CPU
		{EE091A03-7287-40B5-BF1E-EAAB4EBDD66A}.Release|Any CPU.Deploy.0 = Release|Any CPU
		{EE091A03-7287-40B5-BF1E-EAAB4EBDD66A}.Release|iPhone.ActiveCfg = Release|Any CPU
		{EE091A03-7287-40B5-BF1E-EAAB4EBDD66A}.Release|iPhone.Build.0 = Release|Any CPU
		{EE091A03-7287-40B5-BF1E-EAAB4EBDD66A}.Release|iPhone.Deploy.0 = Release|Any CPU
		{EE091A03-7287-40B5-BF1E-EAAB4EBDD66A}.Release|iPhoneSimulator.ActiveCfg = Release|Any CPU
		{EE091A03-7287-40B5-BF1E-EAAB4EBDD66A}.Release|iPhoneSimulator.Build.0 = Release|Any CPU
		{EE091A03-7287-40B5-BF1E-EAAB4EBDD66A}.Release|iPhoneSimulator.Deploy.0 = Release|Any CPU
		{35545664-08A6-4999-A9D3-A12AF6E2B5E7}.Ad-Hoc|Any CPU.ActiveCfg = Release|Any CPU
		{35545664-08A6-4999-A9D3-A12AF6E2B5E7}.Ad-Hoc|Any CPU.Build.0 = Release|Any CPU
		{35545664-08A6-4999-A9D3-A12AF6E2B5E7}.Ad-Hoc|iPhone.ActiveCfg = Release|Any CPU
		{35545664-08A6-4999-A9D3-A12AF6E2B5E7}.Ad-Hoc|iPhone.Build.0 = Release|Any CPU
		{35545664-08A6-4999-A9D3-A12AF6E2B5E7}.Ad-Hoc|iPhoneSimulator.ActiveCfg = Release|Any CPU
		{35545664-08A6-4999-A9D3-A12AF6E2B5E7}.Ad-Hoc|iPhoneSimulator.Build.0 = Release|Any CPU
		{35545664-08A6-4999-A9D3-A12AF6E2B5E7}.AppStore|Any CPU.ActiveCfg = Release|Any CPU
		{35545664-08A6-4999-A9D3-A12AF6E2B5E7}.AppStore|Any CPU.Build.0 = Release|Any CPU
		{35545664-08A6-4999-A9D3-A12AF6E2B5E7}.AppStore|iPhone.ActiveCfg = Release|Any CPU
		{35545664-08A6-4999-A9D3-A12AF6E2B5E7}.AppStore|iPhone.Build.0 = Release|Any CPU
		{35545664-08A6-4999-A9D3-A12AF6E2B5E7}.AppStore|iPhoneSimulator.ActiveCfg = Release|Any CPU
		{35545664-08A6-4999-A9D3-A12AF6E2B5E7}.AppStore|iPhoneSimulator.Build.0 = Release|Any CPU
		{35545664-08A6-4999-A9D3-A12AF6E2B5E7}.Debug|Any CPU.ActiveCfg = Debug|Any CPU
		{35545664-08A6-4999-A9D3-A12AF6E2B5E7}.Debug|Any CPU.Build.0 = Debug|Any CPU
		{35545664-08A6-4999-A9D3-A12AF6E2B5E7}.Debug|iPhone.ActiveCfg = Debug|Any CPU
		{35545664-08A6-4999-A9D3-A12AF6E2B5E7}.Debug|iPhone.Build.0 = Debug|Any CPU
		{35545664-08A6-4999-A9D3-A12AF6E2B5E7}.Debug|iPhoneSimulator.ActiveCfg = Debug|Any CPU
		{35545664-08A6-4999-A9D3-A12AF6E2B5E7}.Debug|iPhoneSimulator.Build.0 = Debug|Any CPU
		{35545664-08A6-4999-A9D3-A12AF6E2B5E7}.Release|Any CPU.ActiveCfg = Release|Any CPU
		{35545664-08A6-4999-A9D3-A12AF6E2B5E7}.Release|Any CPU.Build.0 = Release|Any CPU
		{35545664-08A6-4999-A9D3-A12AF6E2B5E7}.Release|iPhone.ActiveCfg = Release|Any CPU
		{35545664-08A6-4999-A9D3-A12AF6E2B5E7}.Release|iPhone.Build.0 = Release|Any CPU
		{35545664-08A6-4999-A9D3-A12AF6E2B5E7}.Release|iPhoneSimulator.ActiveCfg = Release|Any CPU
		{35545664-08A6-4999-A9D3-A12AF6E2B5E7}.Release|iPhoneSimulator.Build.0 = Release|Any CPU
		{DEF81661-DE51-4C60-B721-049955099CB2}.Ad-Hoc|Any CPU.ActiveCfg = Release|Any CPU
		{DEF81661-DE51-4C60-B721-049955099CB2}.Ad-Hoc|Any CPU.Build.0 = Release|Any CPU
		{DEF81661-DE51-4C60-B721-049955099CB2}.Ad-Hoc|iPhone.ActiveCfg = Release|Any CPU
		{DEF81661-DE51-4C60-B721-049955099CB2}.Ad-Hoc|iPhone.Build.0 = Release|Any CPU
		{DEF81661-DE51-4C60-B721-049955099CB2}.Ad-Hoc|iPhoneSimulator.ActiveCfg = Release|Any CPU
		{DEF81661-DE51-4C60-B721-049955099CB2}.Ad-Hoc|iPhoneSimulator.Build.0 = Release|Any CPU
		{DEF81661-DE51-4C60-B721-049955099CB2}.AppStore|Any CPU.ActiveCfg = Release|Any CPU
		{DEF81661-DE51-4C60-B721-049955099CB2}.AppStore|Any CPU.Build.0 = Release|Any CPU
		{DEF81661-DE51-4C60-B721-049955099CB2}.AppStore|iPhone.ActiveCfg = Release|Any CPU
		{DEF81661-DE51-4C60-B721-049955099CB2}.AppStore|iPhone.Build.0 = Release|Any CPU
		{DEF81661-DE51-4C60-B721-049955099CB2}.AppStore|iPhoneSimulator.ActiveCfg = Release|Any CPU
		{DEF81661-DE51-4C60-B721-049955099CB2}.AppStore|iPhoneSimulator.Build.0 = Release|Any CPU
		{DEF81661-DE51-4C60-B721-049955099CB2}.Debug|Any CPU.ActiveCfg = Debug|Any CPU
		{DEF81661-DE51-4C60-B721-049955099CB2}.Debug|Any CPU.Build.0 = Debug|Any CPU
		{DEF81661-DE51-4C60-B721-049955099CB2}.Debug|iPhone.ActiveCfg = Debug|Any CPU
		{DEF81661-DE51-4C60-B721-049955099CB2}.Debug|iPhone.Build.0 = Debug|Any CPU
		{DEF81661-DE51-4C60-B721-049955099CB2}.Debug|iPhoneSimulator.ActiveCfg = Debug|Any CPU
		{DEF81661-DE51-4C60-B721-049955099CB2}.Debug|iPhoneSimulator.Build.0 = Debug|Any CPU
		{DEF81661-DE51-4C60-B721-049955099CB2}.Release|Any CPU.ActiveCfg = Release|Any CPU
		{DEF81661-DE51-4C60-B721-049955099CB2}.Release|Any CPU.Build.0 = Release|Any CPU
		{DEF81661-DE51-4C60-B721-049955099CB2}.Release|iPhone.ActiveCfg = Release|Any CPU
		{DEF81661-DE51-4C60-B721-049955099CB2}.Release|iPhone.Build.0 = Release|Any CPU
		{DEF81661-DE51-4C60-B721-049955099CB2}.Release|iPhoneSimulator.ActiveCfg = Release|Any CPU
		{DEF81661-DE51-4C60-B721-049955099CB2}.Release|iPhoneSimulator.Build.0 = Release|Any CPU
		{26AAD127-885F-4AC8-B448-AFB8E19279E2}.Ad-Hoc|Any CPU.ActiveCfg = Release|Any CPU
		{26AAD127-885F-4AC8-B448-AFB8E19279E2}.Ad-Hoc|Any CPU.Build.0 = Release|Any CPU
		{26AAD127-885F-4AC8-B448-AFB8E19279E2}.Ad-Hoc|iPhone.ActiveCfg = Release|Any CPU
		{26AAD127-885F-4AC8-B448-AFB8E19279E2}.Ad-Hoc|iPhone.Build.0 = Release|Any CPU
		{26AAD127-885F-4AC8-B448-AFB8E19279E2}.Ad-Hoc|iPhoneSimulator.ActiveCfg = Release|Any CPU
		{26AAD127-885F-4AC8-B448-AFB8E19279E2}.Ad-Hoc|iPhoneSimulator.Build.0 = Release|Any CPU
		{26AAD127-885F-4AC8-B448-AFB8E19279E2}.AppStore|Any CPU.ActiveCfg = Release|Any CPU
		{26AAD127-885F-4AC8-B448-AFB8E19279E2}.AppStore|Any CPU.Build.0 = Release|Any CPU
		{26AAD127-885F-4AC8-B448-AFB8E19279E2}.AppStore|iPhone.ActiveCfg = Release|Any CPU
		{26AAD127-885F-4AC8-B448-AFB8E19279E2}.AppStore|iPhone.Build.0 = Release|Any CPU
		{26AAD127-885F-4AC8-B448-AFB8E19279E2}.AppStore|iPhoneSimulator.ActiveCfg = Release|Any CPU
		{26AAD127-885F-4AC8-B448-AFB8E19279E2}.AppStore|iPhoneSimulator.Build.0 = Release|Any CPU
		{26AAD127-885F-4AC8-B448-AFB8E19279E2}.Debug|Any CPU.ActiveCfg = Debug|Any CPU
		{26AAD127-885F-4AC8-B448-AFB8E19279E2}.Debug|Any CPU.Build.0 = Debug|Any CPU
		{26AAD127-885F-4AC8-B448-AFB8E19279E2}.Debug|iPhone.ActiveCfg = Debug|Any CPU
		{26AAD127-885F-4AC8-B448-AFB8E19279E2}.Debug|iPhone.Build.0 = Debug|Any CPU
		{26AAD127-885F-4AC8-B448-AFB8E19279E2}.Debug|iPhoneSimulator.ActiveCfg = Debug|Any CPU
		{26AAD127-885F-4AC8-B448-AFB8E19279E2}.Debug|iPhoneSimulator.Build.0 = Debug|Any CPU
		{26AAD127-885F-4AC8-B448-AFB8E19279E2}.Release|Any CPU.ActiveCfg = Release|Any CPU
		{26AAD127-885F-4AC8-B448-AFB8E19279E2}.Release|Any CPU.Build.0 = Release|Any CPU
		{26AAD127-885F-4AC8-B448-AFB8E19279E2}.Release|iPhone.ActiveCfg = Release|Any CPU
		{26AAD127-885F-4AC8-B448-AFB8E19279E2}.Release|iPhone.Build.0 = Release|Any CPU
		{26AAD127-885F-4AC8-B448-AFB8E19279E2}.Release|iPhoneSimulator.ActiveCfg = Release|Any CPU
		{26AAD127-885F-4AC8-B448-AFB8E19279E2}.Release|iPhoneSimulator.Build.0 = Release|Any CPU
		{13D97262-571A-4176-B30B-107E20C84112}.Ad-Hoc|Any CPU.ActiveCfg = Release|Any CPU
		{13D97262-571A-4176-B30B-107E20C84112}.Ad-Hoc|Any CPU.Build.0 = Release|Any CPU
		{13D97262-571A-4176-B30B-107E20C84112}.Ad-Hoc|Any CPU.Deploy.0 = Release|Any CPU
		{13D97262-571A-4176-B30B-107E20C84112}.Ad-Hoc|iPhone.ActiveCfg = Release|Any CPU
		{13D97262-571A-4176-B30B-107E20C84112}.Ad-Hoc|iPhone.Build.0 = Release|Any CPU
		{13D97262-571A-4176-B30B-107E20C84112}.Ad-Hoc|iPhone.Deploy.0 = Release|Any CPU
		{13D97262-571A-4176-B30B-107E20C84112}.Ad-Hoc|iPhoneSimulator.ActiveCfg = Release|Any CPU
		{13D97262-571A-4176-B30B-107E20C84112}.Ad-Hoc|iPhoneSimulator.Build.0 = Release|Any CPU
		{13D97262-571A-4176-B30B-107E20C84112}.Ad-Hoc|iPhoneSimulator.Deploy.0 = Release|Any CPU
		{13D97262-571A-4176-B30B-107E20C84112}.AppStore|Any CPU.ActiveCfg = Release|Any CPU
		{13D97262-571A-4176-B30B-107E20C84112}.AppStore|Any CPU.Build.0 = Release|Any CPU
		{13D97262-571A-4176-B30B-107E20C84112}.AppStore|Any CPU.Deploy.0 = Release|Any CPU
		{13D97262-571A-4176-B30B-107E20C84112}.AppStore|iPhone.ActiveCfg = Release|Any CPU
		{13D97262-571A-4176-B30B-107E20C84112}.AppStore|iPhone.Build.0 = Release|Any CPU
		{13D97262-571A-4176-B30B-107E20C84112}.AppStore|iPhone.Deploy.0 = Release|Any CPU
		{13D97262-571A-4176-B30B-107E20C84112}.AppStore|iPhoneSimulator.ActiveCfg = Release|Any CPU
		{13D97262-571A-4176-B30B-107E20C84112}.AppStore|iPhoneSimulator.Build.0 = Release|Any CPU
		{13D97262-571A-4176-B30B-107E20C84112}.AppStore|iPhoneSimulator.Deploy.0 = Release|Any CPU
		{13D97262-571A-4176-B30B-107E20C84112}.Debug|Any CPU.ActiveCfg = Debug|Any CPU
		{13D97262-571A-4176-B30B-107E20C84112}.Debug|Any CPU.Build.0 = Debug|Any CPU
		{13D97262-571A-4176-B30B-107E20C84112}.Debug|Any CPU.Deploy.0 = Debug|Any CPU
		{13D97262-571A-4176-B30B-107E20C84112}.Debug|iPhone.ActiveCfg = Debug|Any CPU
		{13D97262-571A-4176-B30B-107E20C84112}.Debug|iPhone.Build.0 = Debug|Any CPU
		{13D97262-571A-4176-B30B-107E20C84112}.Debug|iPhone.Deploy.0 = Debug|Any CPU
		{13D97262-571A-4176-B30B-107E20C84112}.Debug|iPhoneSimulator.ActiveCfg = Debug|Any CPU
		{13D97262-571A-4176-B30B-107E20C84112}.Debug|iPhoneSimulator.Build.0 = Debug|Any CPU
		{13D97262-571A-4176-B30B-107E20C84112}.Debug|iPhoneSimulator.Deploy.0 = Debug|Any CPU
		{13D97262-571A-4176-B30B-107E20C84112}.Release|Any CPU.ActiveCfg = Release|Any CPU
		{13D97262-571A-4176-B30B-107E20C84112}.Release|Any CPU.Build.0 = Release|Any CPU
		{13D97262-571A-4176-B30B-107E20C84112}.Release|Any CPU.Deploy.0 = Release|Any CPU
		{13D97262-571A-4176-B30B-107E20C84112}.Release|iPhone.ActiveCfg = Release|Any CPU
		{13D97262-571A-4176-B30B-107E20C84112}.Release|iPhone.Build.0 = Release|Any CPU
		{13D97262-571A-4176-B30B-107E20C84112}.Release|iPhone.Deploy.0 = Release|Any CPU
		{13D97262-571A-4176-B30B-107E20C84112}.Release|iPhoneSimulator.ActiveCfg = Release|Any CPU
		{13D97262-571A-4176-B30B-107E20C84112}.Release|iPhoneSimulator.Build.0 = Release|Any CPU
		{13D97262-571A-4176-B30B-107E20C84112}.Release|iPhoneSimulator.Deploy.0 = Release|Any CPU
		{EA897E91-3BAD-4067-890F-27DF1CC27697}.Ad-Hoc|Any CPU.ActiveCfg = Release|Any CPU
		{EA897E91-3BAD-4067-890F-27DF1CC27697}.Ad-Hoc|Any CPU.Build.0 = Release|Any CPU
		{EA897E91-3BAD-4067-890F-27DF1CC27697}.Ad-Hoc|iPhone.ActiveCfg = Release|Any CPU
		{EA897E91-3BAD-4067-890F-27DF1CC27697}.Ad-Hoc|iPhone.Build.0 = Release|Any CPU
		{EA897E91-3BAD-4067-890F-27DF1CC27697}.Ad-Hoc|iPhoneSimulator.ActiveCfg = Release|Any CPU
		{EA897E91-3BAD-4067-890F-27DF1CC27697}.Ad-Hoc|iPhoneSimulator.Build.0 = Release|Any CPU
		{EA897E91-3BAD-4067-890F-27DF1CC27697}.AppStore|Any CPU.ActiveCfg = Release|Any CPU
		{EA897E91-3BAD-4067-890F-27DF1CC27697}.AppStore|Any CPU.Build.0 = Release|Any CPU
		{EA897E91-3BAD-4067-890F-27DF1CC27697}.AppStore|iPhone.ActiveCfg = Release|Any CPU
		{EA897E91-3BAD-4067-890F-27DF1CC27697}.AppStore|iPhone.Build.0 = Release|Any CPU
		{EA897E91-3BAD-4067-890F-27DF1CC27697}.AppStore|iPhoneSimulator.ActiveCfg = Release|Any CPU
		{EA897E91-3BAD-4067-890F-27DF1CC27697}.AppStore|iPhoneSimulator.Build.0 = Release|Any CPU
		{EA897E91-3BAD-4067-890F-27DF1CC27697}.Debug|Any CPU.ActiveCfg = Debug|Any CPU
		{EA897E91-3BAD-4067-890F-27DF1CC27697}.Debug|Any CPU.Build.0 = Debug|Any CPU
		{EA897E91-3BAD-4067-890F-27DF1CC27697}.Debug|iPhone.ActiveCfg = Debug|Any CPU
		{EA897E91-3BAD-4067-890F-27DF1CC27697}.Debug|iPhone.Build.0 = Debug|Any CPU
		{EA897E91-3BAD-4067-890F-27DF1CC27697}.Debug|iPhoneSimulator.ActiveCfg = Debug|Any CPU
		{EA897E91-3BAD-4067-890F-27DF1CC27697}.Debug|iPhoneSimulator.Build.0 = Debug|Any CPU
		{EA897E91-3BAD-4067-890F-27DF1CC27697}.Release|Any CPU.ActiveCfg = Release|Any CPU
		{EA897E91-3BAD-4067-890F-27DF1CC27697}.Release|Any CPU.Build.0 = Release|Any CPU
		{EA897E91-3BAD-4067-890F-27DF1CC27697}.Release|iPhone.ActiveCfg = Release|Any CPU
		{EA897E91-3BAD-4067-890F-27DF1CC27697}.Release|iPhone.Build.0 = Release|Any CPU
		{EA897E91-3BAD-4067-890F-27DF1CC27697}.Release|iPhoneSimulator.ActiveCfg = Release|Any CPU
		{EA897E91-3BAD-4067-890F-27DF1CC27697}.Release|iPhoneSimulator.Build.0 = Release|Any CPU
		{BCE721D5-6EF5-45AA-999B-88623A969908}.Ad-Hoc|Any CPU.ActiveCfg = Ad-Hoc|iPhone
		{BCE721D5-6EF5-45AA-999B-88623A969908}.Ad-Hoc|iPhone.ActiveCfg = Ad-Hoc|iPhone
		{BCE721D5-6EF5-45AA-999B-88623A969908}.Ad-Hoc|iPhone.Build.0 = Ad-Hoc|iPhone
		{BCE721D5-6EF5-45AA-999B-88623A969908}.Ad-Hoc|iPhoneSimulator.ActiveCfg = Ad-Hoc|iPhoneSimulator
		{BCE721D5-6EF5-45AA-999B-88623A969908}.Ad-Hoc|iPhoneSimulator.Build.0 = Ad-Hoc|iPhoneSimulator
		{BCE721D5-6EF5-45AA-999B-88623A969908}.AppStore|Any CPU.ActiveCfg = AppStore|iPhone
		{BCE721D5-6EF5-45AA-999B-88623A969908}.AppStore|iPhone.ActiveCfg = AppStore|iPhone
		{BCE721D5-6EF5-45AA-999B-88623A969908}.AppStore|iPhone.Build.0 = AppStore|iPhone
		{BCE721D5-6EF5-45AA-999B-88623A969908}.AppStore|iPhoneSimulator.ActiveCfg = AppStore|iPhoneSimulator
		{BCE721D5-6EF5-45AA-999B-88623A969908}.AppStore|iPhoneSimulator.Build.0 = AppStore|iPhoneSimulator
		{BCE721D5-6EF5-45AA-999B-88623A969908}.Debug|Any CPU.ActiveCfg = Debug|iPhone
		{BCE721D5-6EF5-45AA-999B-88623A969908}.Debug|iPhone.ActiveCfg = Debug|iPhone
		{BCE721D5-6EF5-45AA-999B-88623A969908}.Debug|iPhone.Build.0 = Debug|iPhone
		{BCE721D5-6EF5-45AA-999B-88623A969908}.Debug|iPhoneSimulator.ActiveCfg = Debug|iPhoneSimulator
		{BCE721D5-6EF5-45AA-999B-88623A969908}.Debug|iPhoneSimulator.Build.0 = Debug|iPhoneSimulator
		{BCE721D5-6EF5-45AA-999B-88623A969908}.Release|Any CPU.ActiveCfg = Release|iPhone
		{BCE721D5-6EF5-45AA-999B-88623A969908}.Release|iPhone.ActiveCfg = Release|iPhone
		{BCE721D5-6EF5-45AA-999B-88623A969908}.Release|iPhone.Build.0 = Release|iPhone
		{BCE721D5-6EF5-45AA-999B-88623A969908}.Release|iPhoneSimulator.ActiveCfg = Release|iPhoneSimulator
		{BCE721D5-6EF5-45AA-999B-88623A969908}.Release|iPhoneSimulator.Build.0 = Release|iPhoneSimulator
		{00207DFB-0378-41B0-BCB8-6F16D8771C37}.Ad-Hoc|Any CPU.ActiveCfg = Ad-Hoc|iPhone
		{00207DFB-0378-41B0-BCB8-6F16D8771C37}.Ad-Hoc|iPhone.ActiveCfg = Ad-Hoc|iPhone
		{00207DFB-0378-41B0-BCB8-6F16D8771C37}.Ad-Hoc|iPhone.Build.0 = Ad-Hoc|iPhone
		{00207DFB-0378-41B0-BCB8-6F16D8771C37}.Ad-Hoc|iPhoneSimulator.ActiveCfg = Ad-Hoc|iPhoneSimulator
		{00207DFB-0378-41B0-BCB8-6F16D8771C37}.Ad-Hoc|iPhoneSimulator.Build.0 = Ad-Hoc|iPhoneSimulator
		{00207DFB-0378-41B0-BCB8-6F16D8771C37}.AppStore|Any CPU.ActiveCfg = AppStore|iPhone
		{00207DFB-0378-41B0-BCB8-6F16D8771C37}.AppStore|iPhone.ActiveCfg = AppStore|iPhone
		{00207DFB-0378-41B0-BCB8-6F16D8771C37}.AppStore|iPhone.Build.0 = AppStore|iPhone
		{00207DFB-0378-41B0-BCB8-6F16D8771C37}.AppStore|iPhoneSimulator.ActiveCfg = AppStore|iPhoneSimulator
		{00207DFB-0378-41B0-BCB8-6F16D8771C37}.AppStore|iPhoneSimulator.Build.0 = AppStore|iPhoneSimulator
		{00207DFB-0378-41B0-BCB8-6F16D8771C37}.Debug|Any CPU.ActiveCfg = Debug|iPhone
		{00207DFB-0378-41B0-BCB8-6F16D8771C37}.Debug|iPhone.ActiveCfg = Debug|iPhone
		{00207DFB-0378-41B0-BCB8-6F16D8771C37}.Debug|iPhone.Build.0 = Debug|iPhone
		{00207DFB-0378-41B0-BCB8-6F16D8771C37}.Debug|iPhoneSimulator.ActiveCfg = Debug|iPhoneSimulator
		{00207DFB-0378-41B0-BCB8-6F16D8771C37}.Debug|iPhoneSimulator.Build.0 = Debug|iPhoneSimulator
		{00207DFB-0378-41B0-BCB8-6F16D8771C37}.Release|Any CPU.ActiveCfg = Release|iPhone
		{00207DFB-0378-41B0-BCB8-6F16D8771C37}.Release|iPhone.ActiveCfg = Release|iPhone
		{00207DFB-0378-41B0-BCB8-6F16D8771C37}.Release|iPhone.Build.0 = Release|iPhone
		{00207DFB-0378-41B0-BCB8-6F16D8771C37}.Release|iPhoneSimulator.ActiveCfg = Release|iPhoneSimulator
		{00207DFB-0378-41B0-BCB8-6F16D8771C37}.Release|iPhoneSimulator.Build.0 = Release|iPhoneSimulator
		{A305DE7B-6101-478E-904C-B198D19F5A4C}.Ad-Hoc|Any CPU.ActiveCfg = Ad-Hoc|iPhone
		{A305DE7B-6101-478E-904C-B198D19F5A4C}.Ad-Hoc|iPhone.ActiveCfg = Ad-Hoc|iPhone
		{A305DE7B-6101-478E-904C-B198D19F5A4C}.Ad-Hoc|iPhone.Build.0 = Ad-Hoc|iPhone
		{A305DE7B-6101-478E-904C-B198D19F5A4C}.Ad-Hoc|iPhoneSimulator.ActiveCfg = Ad-Hoc|iPhoneSimulator
		{A305DE7B-6101-478E-904C-B198D19F5A4C}.Ad-Hoc|iPhoneSimulator.Build.0 = Ad-Hoc|iPhoneSimulator
		{A305DE7B-6101-478E-904C-B198D19F5A4C}.AppStore|Any CPU.ActiveCfg = AppStore|iPhone
		{A305DE7B-6101-478E-904C-B198D19F5A4C}.AppStore|iPhone.ActiveCfg = AppStore|iPhone
		{A305DE7B-6101-478E-904C-B198D19F5A4C}.AppStore|iPhone.Build.0 = AppStore|iPhone
		{A305DE7B-6101-478E-904C-B198D19F5A4C}.AppStore|iPhoneSimulator.ActiveCfg = AppStore|iPhoneSimulator
		{A305DE7B-6101-478E-904C-B198D19F5A4C}.AppStore|iPhoneSimulator.Build.0 = AppStore|iPhoneSimulator
		{A305DE7B-6101-478E-904C-B198D19F5A4C}.Debug|Any CPU.ActiveCfg = Debug|iPhone
		{A305DE7B-6101-478E-904C-B198D19F5A4C}.Debug|iPhone.ActiveCfg = Debug|iPhone
		{A305DE7B-6101-478E-904C-B198D19F5A4C}.Debug|iPhone.Build.0 = Debug|iPhone
		{A305DE7B-6101-478E-904C-B198D19F5A4C}.Debug|iPhoneSimulator.ActiveCfg = Debug|iPhoneSimulator
		{A305DE7B-6101-478E-904C-B198D19F5A4C}.Debug|iPhoneSimulator.Build.0 = Debug|iPhoneSimulator
		{A305DE7B-6101-478E-904C-B198D19F5A4C}.Release|Any CPU.ActiveCfg = Release|iPhone
		{A305DE7B-6101-478E-904C-B198D19F5A4C}.Release|iPhone.ActiveCfg = Release|iPhone
		{A305DE7B-6101-478E-904C-B198D19F5A4C}.Release|iPhone.Build.0 = Release|iPhone
		{A305DE7B-6101-478E-904C-B198D19F5A4C}.Release|iPhoneSimulator.ActiveCfg = Release|iPhoneSimulator
		{A305DE7B-6101-478E-904C-B198D19F5A4C}.Release|iPhoneSimulator.Build.0 = Release|iPhoneSimulator
		{987333CC-7E42-411A-98E7-AF34D5E877DB}.Ad-Hoc|Any CPU.ActiveCfg = Ad-Hoc|iPhone
		{987333CC-7E42-411A-98E7-AF34D5E877DB}.Ad-Hoc|iPhone.ActiveCfg = Ad-Hoc|iPhone
		{987333CC-7E42-411A-98E7-AF34D5E877DB}.Ad-Hoc|iPhone.Build.0 = Ad-Hoc|iPhone
		{987333CC-7E42-411A-98E7-AF34D5E877DB}.Ad-Hoc|iPhoneSimulator.ActiveCfg = Ad-Hoc|iPhoneSimulator
		{987333CC-7E42-411A-98E7-AF34D5E877DB}.Ad-Hoc|iPhoneSimulator.Build.0 = Ad-Hoc|iPhoneSimulator
		{987333CC-7E42-411A-98E7-AF34D5E877DB}.AppStore|Any CPU.ActiveCfg = AppStore|iPhone
		{987333CC-7E42-411A-98E7-AF34D5E877DB}.AppStore|iPhone.ActiveCfg = AppStore|iPhone
		{987333CC-7E42-411A-98E7-AF34D5E877DB}.AppStore|iPhone.Build.0 = AppStore|iPhone
		{987333CC-7E42-411A-98E7-AF34D5E877DB}.AppStore|iPhoneSimulator.ActiveCfg = AppStore|iPhoneSimulator
		{987333CC-7E42-411A-98E7-AF34D5E877DB}.AppStore|iPhoneSimulator.Build.0 = AppStore|iPhoneSimulator
		{987333CC-7E42-411A-98E7-AF34D5E877DB}.Debug|Any CPU.ActiveCfg = Debug|iPhone
		{987333CC-7E42-411A-98E7-AF34D5E877DB}.Debug|iPhone.ActiveCfg = Debug|iPhone
		{987333CC-7E42-411A-98E7-AF34D5E877DB}.Debug|iPhone.Build.0 = Debug|iPhone
		{987333CC-7E42-411A-98E7-AF34D5E877DB}.Debug|iPhoneSimulator.ActiveCfg = Debug|iPhoneSimulator
		{987333CC-7E42-411A-98E7-AF34D5E877DB}.Debug|iPhoneSimulator.Build.0 = Debug|iPhoneSimulator
		{987333CC-7E42-411A-98E7-AF34D5E877DB}.Release|Any CPU.ActiveCfg = Release|iPhone
		{987333CC-7E42-411A-98E7-AF34D5E877DB}.Release|iPhone.ActiveCfg = Release|iPhone
		{987333CC-7E42-411A-98E7-AF34D5E877DB}.Release|iPhone.Build.0 = Release|iPhone
		{987333CC-7E42-411A-98E7-AF34D5E877DB}.Release|iPhoneSimulator.ActiveCfg = Release|iPhoneSimulator
		{987333CC-7E42-411A-98E7-AF34D5E877DB}.Release|iPhoneSimulator.Build.0 = Release|iPhoneSimulator
		{70314D99-1422-4D34-ACEA-A1BC79D82D0C}.Ad-Hoc|Any CPU.ActiveCfg = Release|Any CPU
		{70314D99-1422-4D34-ACEA-A1BC79D82D0C}.Ad-Hoc|Any CPU.Build.0 = Release|Any CPU
		{70314D99-1422-4D34-ACEA-A1BC79D82D0C}.Ad-Hoc|Any CPU.Deploy.0 = Release|Any CPU
		{70314D99-1422-4D34-ACEA-A1BC79D82D0C}.Ad-Hoc|iPhone.ActiveCfg = Release|Any CPU
		{70314D99-1422-4D34-ACEA-A1BC79D82D0C}.Ad-Hoc|iPhone.Build.0 = Release|Any CPU
		{70314D99-1422-4D34-ACEA-A1BC79D82D0C}.Ad-Hoc|iPhone.Deploy.0 = Release|Any CPU
		{70314D99-1422-4D34-ACEA-A1BC79D82D0C}.Ad-Hoc|iPhoneSimulator.ActiveCfg = Release|Any CPU
		{70314D99-1422-4D34-ACEA-A1BC79D82D0C}.Ad-Hoc|iPhoneSimulator.Build.0 = Release|Any CPU
		{70314D99-1422-4D34-ACEA-A1BC79D82D0C}.Ad-Hoc|iPhoneSimulator.Deploy.0 = Release|Any CPU
		{70314D99-1422-4D34-ACEA-A1BC79D82D0C}.AppStore|Any CPU.ActiveCfg = Release|Any CPU
		{70314D99-1422-4D34-ACEA-A1BC79D82D0C}.AppStore|Any CPU.Build.0 = Release|Any CPU
		{70314D99-1422-4D34-ACEA-A1BC79D82D0C}.AppStore|Any CPU.Deploy.0 = Release|Any CPU
		{70314D99-1422-4D34-ACEA-A1BC79D82D0C}.AppStore|iPhone.ActiveCfg = Release|Any CPU
		{70314D99-1422-4D34-ACEA-A1BC79D82D0C}.AppStore|iPhone.Build.0 = Release|Any CPU
		{70314D99-1422-4D34-ACEA-A1BC79D82D0C}.AppStore|iPhone.Deploy.0 = Release|Any CPU
		{70314D99-1422-4D34-ACEA-A1BC79D82D0C}.AppStore|iPhoneSimulator.ActiveCfg = Release|Any CPU
		{70314D99-1422-4D34-ACEA-A1BC79D82D0C}.AppStore|iPhoneSimulator.Build.0 = Release|Any CPU
		{70314D99-1422-4D34-ACEA-A1BC79D82D0C}.AppStore|iPhoneSimulator.Deploy.0 = Release|Any CPU
		{70314D99-1422-4D34-ACEA-A1BC79D82D0C}.Debug|Any CPU.ActiveCfg = Debug|Any CPU
		{70314D99-1422-4D34-ACEA-A1BC79D82D0C}.Debug|Any CPU.Build.0 = Debug|Any CPU
		{70314D99-1422-4D34-ACEA-A1BC79D82D0C}.Debug|Any CPU.Deploy.0 = Debug|Any CPU
		{70314D99-1422-4D34-ACEA-A1BC79D82D0C}.Debug|iPhone.ActiveCfg = Debug|Any CPU
		{70314D99-1422-4D34-ACEA-A1BC79D82D0C}.Debug|iPhone.Build.0 = Debug|Any CPU
		{70314D99-1422-4D34-ACEA-A1BC79D82D0C}.Debug|iPhone.Deploy.0 = Debug|Any CPU
		{70314D99-1422-4D34-ACEA-A1BC79D82D0C}.Debug|iPhoneSimulator.ActiveCfg = Debug|Any CPU
		{70314D99-1422-4D34-ACEA-A1BC79D82D0C}.Debug|iPhoneSimulator.Build.0 = Debug|Any CPU
		{70314D99-1422-4D34-ACEA-A1BC79D82D0C}.Debug|iPhoneSimulator.Deploy.0 = Debug|Any CPU
		{70314D99-1422-4D34-ACEA-A1BC79D82D0C}.Release|Any CPU.ActiveCfg = Release|Any CPU
		{70314D99-1422-4D34-ACEA-A1BC79D82D0C}.Release|Any CPU.Build.0 = Release|Any CPU
		{70314D99-1422-4D34-ACEA-A1BC79D82D0C}.Release|Any CPU.Deploy.0 = Release|Any CPU
		{70314D99-1422-4D34-ACEA-A1BC79D82D0C}.Release|iPhone.ActiveCfg = Release|Any CPU
		{70314D99-1422-4D34-ACEA-A1BC79D82D0C}.Release|iPhone.Build.0 = Release|Any CPU
		{70314D99-1422-4D34-ACEA-A1BC79D82D0C}.Release|iPhone.Deploy.0 = Release|Any CPU
		{70314D99-1422-4D34-ACEA-A1BC79D82D0C}.Release|iPhoneSimulator.ActiveCfg = Release|Any CPU
		{70314D99-1422-4D34-ACEA-A1BC79D82D0C}.Release|iPhoneSimulator.Build.0 = Release|Any CPU
		{70314D99-1422-4D34-ACEA-A1BC79D82D0C}.Release|iPhoneSimulator.Deploy.0 = Release|Any CPU
		{D983AB06-08BC-452C-BA71-788FEFC95771}.Ad-Hoc|Any CPU.ActiveCfg = Release|Any CPU
		{D983AB06-08BC-452C-BA71-788FEFC95771}.Ad-Hoc|Any CPU.Build.0 = Release|Any CPU
		{D983AB06-08BC-452C-BA71-788FEFC95771}.Ad-Hoc|iPhone.ActiveCfg = Release|Any CPU
		{D983AB06-08BC-452C-BA71-788FEFC95771}.Ad-Hoc|iPhone.Build.0 = Release|Any CPU
		{D983AB06-08BC-452C-BA71-788FEFC95771}.Ad-Hoc|iPhoneSimulator.ActiveCfg = Release|Any CPU
		{D983AB06-08BC-452C-BA71-788FEFC95771}.Ad-Hoc|iPhoneSimulator.Build.0 = Release|Any CPU
		{D983AB06-08BC-452C-BA71-788FEFC95771}.AppStore|Any CPU.ActiveCfg = Release|Any CPU
		{D983AB06-08BC-452C-BA71-788FEFC95771}.AppStore|Any CPU.Build.0 = Release|Any CPU
		{D983AB06-08BC-452C-BA71-788FEFC95771}.AppStore|iPhone.ActiveCfg = Release|Any CPU
		{D983AB06-08BC-452C-BA71-788FEFC95771}.AppStore|iPhone.Build.0 = Release|Any CPU
		{D983AB06-08BC-452C-BA71-788FEFC95771}.AppStore|iPhoneSimulator.ActiveCfg = Release|Any CPU
		{D983AB06-08BC-452C-BA71-788FEFC95771}.AppStore|iPhoneSimulator.Build.0 = Release|Any CPU
		{D983AB06-08BC-452C-BA71-788FEFC95771}.Debug|Any CPU.ActiveCfg = Debug|Any CPU
		{D983AB06-08BC-452C-BA71-788FEFC95771}.Debug|Any CPU.Build.0 = Debug|Any CPU
		{D983AB06-08BC-452C-BA71-788FEFC95771}.Debug|iPhone.ActiveCfg = Debug|Any CPU
		{D983AB06-08BC-452C-BA71-788FEFC95771}.Debug|iPhone.Build.0 = Debug|Any CPU
		{D983AB06-08BC-452C-BA71-788FEFC95771}.Debug|iPhoneSimulator.ActiveCfg = Debug|Any CPU
		{D983AB06-08BC-452C-BA71-788FEFC95771}.Debug|iPhoneSimulator.Build.0 = Debug|Any CPU
		{D983AB06-08BC-452C-BA71-788FEFC95771}.Release|Any CPU.ActiveCfg = Release|Any CPU
		{D983AB06-08BC-452C-BA71-788FEFC95771}.Release|Any CPU.Build.0 = Release|Any CPU
		{D983AB06-08BC-452C-BA71-788FEFC95771}.Release|iPhone.ActiveCfg = Release|Any CPU
		{D983AB06-08BC-452C-BA71-788FEFC95771}.Release|iPhone.Build.0 = Release|Any CPU
		{D983AB06-08BC-452C-BA71-788FEFC95771}.Release|iPhoneSimulator.ActiveCfg = Release|Any CPU
		{D983AB06-08BC-452C-BA71-788FEFC95771}.Release|iPhoneSimulator.Build.0 = Release|Any CPU
		{91D0069B-6D27-485A-89DD-086E36977F69}.Ad-Hoc|Any CPU.ActiveCfg = Ad-Hoc|iPhone
		{91D0069B-6D27-485A-89DD-086E36977F69}.Ad-Hoc|iPhone.ActiveCfg = Ad-Hoc|iPhone
		{91D0069B-6D27-485A-89DD-086E36977F69}.Ad-Hoc|iPhone.Build.0 = Ad-Hoc|iPhone
		{91D0069B-6D27-485A-89DD-086E36977F69}.Ad-Hoc|iPhoneSimulator.ActiveCfg = Ad-Hoc|iPhoneSimulator
		{91D0069B-6D27-485A-89DD-086E36977F69}.Ad-Hoc|iPhoneSimulator.Build.0 = Ad-Hoc|iPhoneSimulator
		{91D0069B-6D27-485A-89DD-086E36977F69}.AppStore|Any CPU.ActiveCfg = AppStore|iPhone
		{91D0069B-6D27-485A-89DD-086E36977F69}.AppStore|iPhone.ActiveCfg = AppStore|iPhone
		{91D0069B-6D27-485A-89DD-086E36977F69}.AppStore|iPhone.Build.0 = AppStore|iPhone
		{91D0069B-6D27-485A-89DD-086E36977F69}.AppStore|iPhoneSimulator.ActiveCfg = AppStore|iPhoneSimulator
		{91D0069B-6D27-485A-89DD-086E36977F69}.AppStore|iPhoneSimulator.Build.0 = AppStore|iPhoneSimulator
		{91D0069B-6D27-485A-89DD-086E36977F69}.Debug|Any CPU.ActiveCfg = Debug|iPhone
		{91D0069B-6D27-485A-89DD-086E36977F69}.Debug|iPhone.ActiveCfg = Debug|iPhone
		{91D0069B-6D27-485A-89DD-086E36977F69}.Debug|iPhone.Build.0 = Debug|iPhone
		{91D0069B-6D27-485A-89DD-086E36977F69}.Debug|iPhoneSimulator.ActiveCfg = Debug|iPhoneSimulator
		{91D0069B-6D27-485A-89DD-086E36977F69}.Debug|iPhoneSimulator.Build.0 = Debug|iPhoneSimulator
		{91D0069B-6D27-485A-89DD-086E36977F69}.Release|Any CPU.ActiveCfg = Release|iPhone
		{91D0069B-6D27-485A-89DD-086E36977F69}.Release|iPhone.ActiveCfg = Release|iPhone
		{91D0069B-6D27-485A-89DD-086E36977F69}.Release|iPhone.Build.0 = Release|iPhone
		{91D0069B-6D27-485A-89DD-086E36977F69}.Release|iPhoneSimulator.ActiveCfg = Release|iPhoneSimulator
		{91D0069B-6D27-485A-89DD-086E36977F69}.Release|iPhoneSimulator.Build.0 = Release|iPhoneSimulator
	EndGlobalSection
	GlobalSection(SolutionProperties) = preSolution
		HideSolutionNode = FALSE
	EndGlobalSection
	GlobalSection(ExtensibilityGlobals) = postSolution
		SolutionGuid = {60EE630F-D200-4A7C-82CB-B21BA6DFB900}
	EndGlobalSection
EndGlobal
